
Microsoft Visual Studio Solution File, Format Version 12.00
# Visual Studio Version 17
VisualStudioVersion = 17.4.33110.190
MinimumVisualStudioVersion = 10.0.40219.1
Project("{9A19103F-16F7-4668-BE54-9A1E7A4F7556}") = "TextParser", "TextParser.csproj", "{31A68138-FB1C-4FE5-B751-FF5D06E994CA}"
EndProject
Project("{FAE04EC0-301F-11D3-BF4B-00C04F79EFBC}") = "Test_TextParser", "..\Test_TextParser\Test_TextParser.csproj", "{9889D6B9-99DD-4B40-82F1-262DF48338C7}"
EndProject
Global
	GlobalSection(SolutionConfigurationPlatforms) = preSolution
		Debug|Any CPU = Debug|Any CPU
		Release|Any CPU = Release|Any CPU
	EndGlobalSection
	GlobalSection(ProjectConfigurationPlatforms) = postSolution
		{31A68138-FB1C-4FE5-B751-FF5D06E994CA}.Debug|Any CPU.ActiveCfg = Debug|Any CPU
		{31A68138-FB1C-4FE5-B751-FF5D06E994CA}.Debug|Any CPU.Build.0 = Debug|Any CPU
		{31A68138-FB1C-4FE5-B751-FF5D06E994CA}.Release|Any CPU.ActiveCfg = Release|Any CPU
		{31A68138-FB1C-4FE5-B751-FF5D06E994CA}.Release|Any CPU.Build.0 = Release|Any CPU
		{9889D6B9-99DD-4B40-82F1-262DF48338C7}.Debug|Any CPU.ActiveCfg = Debug|Any CPU
		{9889D6B9-99DD-4B40-82F1-262DF48338C7}.Debug|Any CPU.Build.0 = Debug|Any CPU
		{9889D6B9-99DD-4B40-82F1-262DF48338C7}.Release|Any CPU.ActiveCfg = Release|Any CPU
		{9889D6B9-99DD-4B40-82F1-262DF48338C7}.Release|Any CPU.Build.0 = Release|Any CPU
	EndGlobalSection
	GlobalSection(SolutionProperties) = preSolution
		HideSolutionNode = FALSE
	EndGlobalSection
	GlobalSection(ExtensibilityGlobals) = postSolution
		SolutionGuid = {F724B176-CA3F-4897-9674-F329EC7AD614}
	EndGlobalSection
EndGlobal
